
Microsoft Visual Studio Solution File, Format Version 12.00
# Visual Studio Version 17
VisualStudioVersion = 17.0.31903.59
MinimumVisualStudioVersion = 10.0.40219.1
Project("{2150E333-8FDC-42A3-9474-1A3956D46DE8}") = "src", "src", "{827E0CD3-B72D-47B6-A68D-7590B98EB39B}"
EndProject
Project("{FAE04EC0-301F-11D3-BF4B-00C04F79EFBC}") = "ChatSystem.Core", "src\ChatSystem.Core\ChatSystem.Core.csproj", "{353C820A-3936-4D6D-9513-4986FCCEC94D}"
EndProject
Project("{FAE04EC0-301F-11D3-BF4B-00C04F79EFBC}") = "ChatSystem.Server", "src\ChatSystem.Server\ChatSystem.Server.csproj", "{B631CE8F-FF29-448B-AAEA-8C3FFF49521F}"
EndProject
Project("{FAE04EC0-301F-11D3-BF4B-00C04F79EFBC}") = "ChatSystem.Desktop", "src\ChatSystem.Desktop\ChatSystem.Desktop.csproj", "{4A73A2EB-859F-4CEC-B1DC-EDF35983D28C}"
EndProject
Global
	GlobalSection(SolutionConfigurationPlatforms) = preSolution
		Debug|Any CPU = Debug|Any CPU
		Debug|x64 = Debug|x64
		Debug|x86 = Debug|x86
		Release|Any CPU = Release|Any CPU
		Release|x64 = Release|x64
		Release|x86 = Release|x86
	EndGlobalSection
	GlobalSection(ProjectConfigurationPlatforms) = postSolution
		{353C820A-3936-4D6D-9513-4986FCCEC94D}.Debug|Any CPU.ActiveCfg = Debug|Any CPU
		{353C820A-3936-4D6D-9513-4986FCCEC94D}.Debug|Any CPU.Build.0 = Debug|Any CPU
		{353C820A-3936-4D6D-9513-4986FCCEC94D}.Debug|x64.ActiveCfg = Debug|Any CPU
		{353C820A-3936-4D6D-9513-4986FCCEC94D}.Debug|x64.Build.0 = Debug|Any CPU
		{353C820A-3936-4D6D-9513-4986FCCEC94D}.Debug|x86.ActiveCfg = Debug|Any CPU
		{353C820A-3936-4D6D-9513-4986FCCEC94D}.Debug|x86.Build.0 = Debug|Any CPU
		{353C820A-3936-4D6D-9513-4986FCCEC94D}.Release|Any CPU.ActiveCfg = Release|Any CPU
		{353C820A-3936-4D6D-9513-4986FCCEC94D}.Release|Any CPU.Build.0 = Release|Any CPU
		{353C820A-3936-4D6D-9513-4986FCCEC94D}.Release|x64.ActiveCfg = Release|Any CPU
		{353C820A-3936-4D6D-9513-4986FCCEC94D}.Release|x64.Build.0 = Release|Any CPU
		{353C820A-3936-4D6D-9513-4986FCCEC94D}.Release|x86.ActiveCfg = Release|Any CPU
		{353C820A-3936-4D6D-9513-4986FCCEC94D}.Release|x86.Build.0 = Release|Any CPU
		{B631CE8F-FF29-448B-AAEA-8C3FFF49521F}.Debug|Any CPU.ActiveCfg = Debug|Any CPU
		{B631CE8F-FF29-448B-AAEA-8C3FFF49521F}.Debug|Any CPU.Build.0 = Debug|Any CPU
		{B631CE8F-FF29-448B-AAEA-8C3FFF49521F}.Debug|x64.ActiveCfg = Debug|Any CPU
		{B631CE8F-FF29-448B-AAEA-8C3FFF49521F}.Debug|x64.Build.0 = Debug|Any CPU
		{B631CE8F-FF29-448B-AAEA-8C3FFF49521F}.Debug|x86.ActiveCfg = Debug|Any CPU
		{B631CE8F-FF29-448B-AAEA-8C3FFF49521F}.Debug|x86.Build.0 = Debug|Any CPU
		{B631CE8F-FF29-448B-AAEA-8C3FFF49521F}.Release|Any CPU.ActiveCfg = Release|Any CPU
		{B631CE8F-FF29-448B-AAEA-8C3FFF49521F}.Release|Any CPU.Build.0 = Release|Any CPU
		{B631CE8F-FF29-448B-AAEA-8C3FFF49521F}.Release|x64.ActiveCfg = Release|Any CPU
		{B631CE8F-FF29-448B-AAEA-8C3FFF49521F}.Release|x64.Build.0 = Release|Any CPU
		{B631CE8F-FF29-448B-AAEA-8C3FFF49521F}.Release|x86.ActiveCfg = Release|Any CPU
		{B631CE8F-FF29-448B-AAEA-8C3FFF49521F}.Release|x86.Build.0 = Release|Any CPU
		{4A73A2EB-859F-4CEC-B1DC-EDF35983D28C}.Debug|Any CPU.ActiveCfg = Debug|Any CPU
		{4A73A2EB-859F-4CEC-B1DC-EDF35983D28C}.Debug|Any CPU.Build.0 = Debug|Any CPU
		{4A73A2EB-859F-4CEC-B1DC-EDF35983D28C}.Debug|x64.ActiveCfg = Debug|Any CPU
		{4A73A2EB-859F-4CEC-B1DC-EDF35983D28C}.Debug|x64.Build.0 = Debug|Any CPU
		{4A73A2EB-859F-4CEC-B1DC-EDF35983D28C}.Debug|x86.ActiveCfg = Debug|Any CPU
		{4A73A2EB-859F-4CEC-B1DC-EDF35983D28C}.Debug|x86.Build.0 = Debug|Any CPU
		{4A73A2EB-859F-4CEC-B1DC-EDF35983D28C}.Release|Any CPU.ActiveCfg = Release|Any CPU
		{4A73A2EB-859F-4CEC-B1DC-EDF35983D28C}.Release|Any CPU.Build.0 = Release|Any CPU
		{4A73A2EB-859F-4CEC-B1DC-EDF35983D28C}.Release|x64.ActiveCfg = Release|Any CPU
		{4A73A2EB-859F-4CEC-B1DC-EDF35983D28C}.Release|x64.Build.0 = Release|Any CPU
		{4A73A2EB-859F-4CEC-B1DC-EDF35983D28C}.Release|x86.ActiveCfg = Release|Any CPU
		{4A73A2EB-859F-4CEC-B1DC-EDF35983D28C}.Release|x86.Build.0 = Release|Any CPU
	EndGlobalSection
	GlobalSection(SolutionProperties) = preSolution
		HideSolutionNode = FALSE
	EndGlobalSection
	GlobalSection(NestedProjects) = preSolution
		{353C820A-3936-4D6D-9513-4986FCCEC94D} = {827E0CD3-B72D-47B6-A68D-7590B98EB39B}
		{B631CE8F-FF29-448B-AAEA-8C3FFF49521F} = {827E0CD3-B72D-47B6-A68D-7590B98EB39B}
		{4A73A2EB-859F-4CEC-B1DC-EDF35983D28C} = {827E0CD3-B72D-47B6-A68D-7590B98EB39B}
	EndGlobalSection
EndGlobal
